Microsoft Visual Studio Solution File, Format Version 12.00
# Visual Studio Version 16
VisualStudioVersion = 16.0.31205.134
MinimumVisualStudioVersion = 10.0.40219.1
Project("{181A2A0D-6B2A-4ED9-8FDF-0D0DF9426046}") = "TheGloryOfBeingAFoolRandomizer", "TheGloryOfBeingAFoolRandomizer/TheGloryOfBeingAFoolRandomizer.csproj", "{3C6BA480-BA73-4325-98AD-60AB841FEBF8}"
EndProject
Global
	GlobalSection(SolutionConfigurationPlatforms) = preSolution
		Debug|Any CPU = Debug|Any CPU
		Release|Any CPU = Release|Any CPU
	EndGlobalSection
	GlobalSection(ProjectConfigurationPlatforms) = postSolution
		{3C6BA480-BA73-4325-98AD-60AB841FEBF8}.Debug|Any CPU.ActiveCfg = Debug|Any CPU
		{3C6BA480-BA73-4325-98AD-60AB841FEBF8}.Debug|Any CPU.Build.0 = Debug|Any CPU
		{3C6BA480-BA73-4325-98AD-60AB841FEBF8}.Release|Any CPU.ActiveCfg = Release|Any CPU
		{3C6BA480-BA73-4325-98AD-60AB841FEBF8}.Release|Any CPU.Build.0 = Release|Any CPU
	EndGlobalSection
	GlobalSection(SolutionProperties) = preSolution
		HideSolutionNode = FALSE
	EndGlobalSection
	GlobalSection(ExtensibilityGlobals) = postSolution
		SolutionGuid = {D5264DF1-3204-45EE-8994-9B249C6093B1}
	EndGlobalSection
EndGlobal
